{
    "_readme": [
        "This file locks the dependencies of your project to a known state",
        "Read more about it at https://getcomposer.org/doc/01-basic-usage.md#installing-dependencies",
        "This file is @generated automatically"
    ],
    "content-hash": "4760168632a567fb865c9de6be4cb68f",
    "packages": [
        {
            "name": "jensostertag/csvreader",
            "version": "1.0.0",
            "source": {
                "type": "git",
                "url": "https://github.com/JensOstertag/csvreader.git",
                "reference": "e8797cfc5eb9303d7f715f69a304e1a48e8889ab"
            },
            "dist": {
                "type": "zip",
                "url": "https://api.github.com/repos/JensOstertag/csvreader/zipball/e8797cfc5eb9303d7f715f69a304e1a48e8889ab",
                "reference": "e8797cfc5eb9303d7f715f69a304e1a48e8889ab",
                "shasum": ""
            },
            "require": {
                "php": ">=8.0.0"
            },
            "type": "library",
            "autoload": {
                "psr-4": {
                    "jensostertag\\CSVReader\\": "src/"
                }
            },
            "license": [
                "MIT"
            ],
            "authors": [
                {
                    "name": "Jens Ostertag",
                    "email": "development@jens-ostertag.de",
                    "role": "Developer"
                }
            ],
            "description": "A CSV Reader Library for PHP",
            "keywords": [
                "curl",
                "wrapper"
            ],
            "support": {
                "source": "https://github.com/JensOstertag/csvreader/tree/1.0.0",
                "issues": "https://github.com/JensOstertag/csvreader/issues"
            },
            "time": "2023-07-15T15:39:30+00:00"
        },
        {
            "name": "jensostertag/curl-adapter",
            "version": "1.0.0",
            "source": {
                "type": "git",
                "url": "https://github.com/JensOstertag/curl-adapter.git",
                "reference": "4468a3887ef61cdbce7736a6c55cfc1e632fe4d1"
            },
            "dist": {
                "type": "zip",
                "url": "https://api.github.com/repos/JensOstertag/curl-adapter/zipball/4468a3887ef61cdbce7736a6c55cfc1e632fe4d1",
                "reference": "4468a3887ef61cdbce7736a6c55cfc1e632fe4d1",
                "shasum": ""
            },
            "require": {
                "ext-curl": "*",
                "ext-json": "*",
                "php": ">=8.0.0"
            },
            "type": "library",
            "autoload": {
                "psr-4": {
                    "jensostertag\\Curl\\": "src/"
                }
            },
            "license": [
                "MIT"
            ],
            "authors": [
                {
                    "name": "Jens Ostertag",
                    "email": "development@jens-ostertag.de",
                    "role": "Developer"
                }
            ],
            "description": "A Curl Wrapper Library for PHP",
            "keywords": [
                "curl",
                "wrapper"
            ],
            "support": {
                "source": "https://github.com/JensOstertag/curl-adapter/tree/1.0.0",
                "issues": "https://github.com/JensOstertag/curl-adapter/issues"
            },
            "time": "2023-07-14T05:11:41+00:00"
        },
        {
            "name": "jensostertag/geocoding-util",
            "version": "1.0.0",
            "source": {
                "type": "git",
                "url": "https://github.com/JensOstertag/geocoding-util.git",
                "reference": "831cfdae1d1cd0baf123bf5c0a39516aac1f1efb"
            },
            "dist": {
                "type": "zip",
                "url": "https://api.github.com/repos/JensOstertag/geocoding-util/zipball/831cfdae1d1cd0baf123bf5c0a39516aac1f1efb",
                "reference": "831cfdae1d1cd0baf123bf5c0a39516aac1f1efb",
                "shasum": ""
            },
            "require": {
                "jensostertag/curl-adapter": "1.0.0",
                "php": ">=8.0.0"
            },
            "type": "library",
            "autoload": {
                "psr-4": {
                    "jensostertag\\Geocoding\\": "src/"
                }
            },
            "license": [
                "GPL-2.0-only"
            ],
            "authors": [
                {
                    "name": "Jens Ostertag",
                    "email": "development@jens-ostertag.de",
                    "role": "Developer"
                }
            ],
            "description": "A simple PHP Library for the Nominatim Geocoding API",
            "keywords": [
                "geocode",
                "nominatim"
            ],
            "support": {
                "source": "https://github.com/JensOstertag/geocoding-util/tree/1.0.0",
                "issues": "https://github.com/JensOstertag/geocoding-util/issues"
            },
            "time": "2023-07-14T05:20:36+00:00"
        },
        {
            "name": "jensostertag/templify",
            "version": "1.0.0",
            "source": {
                "type": "git",
                "url": "https://github.com/JensOstertag/templify.git",
                "reference": "9e0d03494f8d7b21d3fae8639b7f75b7724b456e"
            },
            "dist": {
                "type": "zip",
                "url": "https://api.github.com/repos/JensOstertag/templify/zipball/9e0d03494f8d7b21d3fae8639b7f75b7724b456e",
                "reference": "9e0d03494f8d7b21d3fae8639b7f75b7724b456e",
                "shasum": ""
            },
            "require": {
                "php": ">=8.0.0"
            },
            "type": "library",
            "autoload": {
                "psr-4": {
                    "jensostertag\\Templify\\": "src/"
                }
            },
            "license": [
                "MIT"
            ],
            "authors": [
                {
                    "name": "Jens Ostertag",
                    "email": "development@jens-ostertag.de",
                    "role": "Developer"
                }
            ],
            "description": "A simple Templating Engine for PHP",
            "keywords": [
                "engine",
                "template"
            ],
            "support": {
                "source": "https://github.com/JensOstertag/templify/tree/1.0.0",
                "issues": "https://github.com/JensOstertag/templify/issues"
            },
            "time": "2023-07-15T15:43:53+00:00"
        },
        {
            "name": "jensostertag/uploadhelper",
            "version": "1.0.0",
            "source": {
                "type": "git",
                "url": "https://github.com/JensOstertag/uploadhelper.git",
                "reference": "26e832dee17a7822a1de3132b344c3043a4689d3"
            },
            "dist": {
                "type": "zip",
                "url": "https://api.github.com/repos/JensOstertag/uploadhelper/zipball/26e832dee17a7822a1de3132b344c3043a4689d3",
                "reference": "26e832dee17a7822a1de3132b344c3043a4689d3",
                "shasum": ""
            },
            "require": {
                "php": ">=8.1.0"
            },
            "type": "library",
            "autoload": {
                "psr-4": {
                    "jensostertag\\UploadHelper\\": "src/"
                }
            },
            "license": [
                "MIT"
            ],
            "authors": [
                {
                    "name": "Jens Ostertag",
                    "email": "development@jens-ostertag.de",
                    "role": "Developer"
                }
            ],
            "description": "A PHP library to process uploaded files",
            "keywords": [
                "files",
                "upload"
            ],
            "support": {
                "source": "https://github.com/JensOstertag/uploadhelper/tree/1.0.0",
                "issues": "https://github.com/JensOstertag/uploadhelper/issues"
            },
            "time": "2023-07-14T05:08:42+00:00"
        }
    ],
    "packages-dev": [],
    "aliases": [],
    "minimum-stability": "stable",
    "stability-flags": [],
    "prefer-stable": false,
    "prefer-lowest": false,
    "platform": {
        "ext-pdo": "*",
        "ext-curl": "*",
        "ext-json": "*"
    },
    "platform-dev": [],
    "plugin-api-version": "2.3.0"
}
